
Microsoft Visual Studio Solution File, Format Version 12.00
# Visual Studio Version 17
VisualStudioVersion = 17.3.32825.248
MinimumVisualStudioVersion = 10.0.40219.1
Project("{FAE04EC0-301F-11D3-BF4B-00C04F79EFBC}") = "HydrodynamicsCalculations", "HydrodynamicsCalculations\HydrodynamicsCalculations.csproj", "{0B522E5B-0D24-475A-BEB0-A15B9F346954}"
EndProject
Global
	GlobalSection(SolutionConfigurationPlatforms) = preSolution
		Debug|Any CPU = Debug|Any CPU
		Release|Any CPU = Release|Any CPU
	EndGlobalSection
	GlobalSection(ProjectConfigurationPlatforms) = postSolution
		{0B522E5B-0D24-475A-BEB0-A15B9F346954}.Debug|Any CPU.ActiveCfg = Debug|Any CPU
		{0B522E5B-0D24-475A-BEB0-A15B9F346954}.Debug|Any CPU.Build.0 = Debug|Any CPU
		{0B522E5B-0D24-475A-BEB0-A15B9F346954}.Release|Any CPU.ActiveCfg = Release|Any CPU
		{0B522E5B-0D24-475A-BEB0-A15B9F346954}.Release|Any CPU.Build.0 = Release|Any CPU
	EndGlobalSection
	GlobalSection(SolutionProperties) = preSolution
		HideSolutionNode = FALSE
	EndGlobalSection
	GlobalSection(ExtensibilityGlobals) = postSolution
		SolutionGuid = {155BCF2C-1574-465B-BEDF-294FC17C47A1}
	EndGlobalSection
EndGlobal
